
Microsoft Visual Studio Solution File, Format Version 12.00
# Visual Studio Version 17
VisualStudioVersion = 17.1.32228.430
MinimumVisualStudioVersion = 10.0.40219.1
Project("{9A19103F-16F7-4668-BE54-9A1E7A4F7556}") = "TestConvertJson", "TestConvertJson\TestConvertJson.csproj", "{0A37931A-E761-4D41-A9A8-EEF40C870B97}"
EndProject
Project("{9A19103F-16F7-4668-BE54-9A1E7A4F7556}") = "WorkerServiceProtobuf", "WorkerServiceProtobuf\WorkerServiceProtobuf.csproj", "{011A1D00-E75D-45FE-BF33-479D3868670D}"
EndProject
Project("{2150E333-8FDC-42A3-9474-1A3956D46DE8}") = "ES.CQRS.Kafka", "ES.CQRS.Kafka", "{8FC8870D-AE68-4CFE-8990-E12454954FCC}"
EndProject
Project("{9A19103F-16F7-4668-BE54-9A1E7A4F7556}") = "Core", "Core\Core.csproj", "{CB446182-96F9-4040-9F39-6B2AD8F59FA7}"
EndProject
Project("{9A19103F-16F7-4668-BE54-9A1E7A4F7556}") = "Core.EventStoreDB", "Core.EventStoreDB\Core.EventStoreDB.csproj", "{C061F3F8-8F0B-4D53-A816-CE979A31EEF0}"
EndProject
Project("{9A19103F-16F7-4668-BE54-9A1E7A4F7556}") = "Core.Serialization", "Core.Serialization\Core.Serialization.csproj", "{B3BD20E8-00F4-4DE6-BF8B-9DEC79985508}"
EndProject
Project("{9A19103F-16F7-4668-BE54-9A1E7A4F7556}") = "Core.Streaming", "Core.Streaming\Core.Streaming.csproj", "{4EB2C2BE-8C2C-494E-A253-C58DB12154DD}"
EndProject
Project("{9A19103F-16F7-4668-BE54-9A1E7A4F7556}") = "Core.Streaming.Kafka", "Core.Streaming.Kafka\Core.Streaming.Kafka.csproj", "{FC4B5A86-0DFD-4BC1-AD28-A056D8635D81}"
EndProject
Project("{9A19103F-16F7-4668-BE54-9A1E7A4F7556}") = "Core.WebApi", "Core.WebApi\Core.WebApi.csproj", "{1766572F-9FD0-4BDF-8F34-D5EC40F926C3}"
EndProject
Project("{2150E333-8FDC-42A3-9474-1A3956D46DE8}") = "AppSample", "AppSample", "{4B99B662-E0C8-4502-9E19-4D02E07F1A84}"
EndProject
Project("{2150E333-8FDC-42A3-9474-1A3956D46DE8}") = "AsyncProjections", "AsyncProjections", "{09755A06-5398-4398-A2C1-7FDCCAF39AC9}"
EndProject
Project("{2150E333-8FDC-42A3-9474-1A3956D46DE8}") = "ECommerce", "ECommerce", "{F0A0F41D-3DA6-411F-8DEB-3295DDDBC251}"
EndProject
Project("{2150E333-8FDC-42A3-9474-1A3956D46DE8}") = "EventPipelines", "EventPipelines", "{292E31D5-228E-4C0F-8525-C01B6A04FB7E}"
EndProject
Project("{2150E333-8FDC-42A3-9474-1A3956D46DE8}") = "EventStoreDB", "EventStoreDB", "{7E458C9D-969C-409A-9FB0-1B53E4EB0F7D}"
EndProject
Project("{2150E333-8FDC-42A3-9474-1A3956D46DE8}") = "MettingsManagement", "MettingsManagement", "{31227B36-5901-4B85-858A-C75F3BC600CF}"
EndProject
Project("{2150E333-8FDC-42A3-9474-1A3956D46DE8}") = "Tickets", "Tickets", "{B538DFA7-9369-4676-AE23-737A72AF1ACA}"
EndProject
Project("{2150E333-8FDC-42A3-9474-1A3956D46DE8}") = "Warehouse", "Warehouse", "{EE76F780-1D4F-4193-A29B-A05C748CC989}"
EndProject
Project("{9A19103F-16F7-4668-BE54-9A1E7A4F7556}") = "SmartHome.Api", "SmartHome.Api\SmartHome.Api.csproj", "{E587A3A0-C67C-411C-BC74-D439612CB1A7}"
EndProject
Project("{9A19103F-16F7-4668-BE54-9A1E7A4F7556}") = "SmartHome.Temperature", "SmartHome.Temperature\SmartHome.Temperature.csproj", "{A0B40534-22B9-4BE2-A80D-C31C5FFF10A4}"
EndProject
Project("{9A19103F-16F7-4668-BE54-9A1E7A4F7556}") = "Core.Marten", "Core.Marten\Core.Marten.csproj", "{96B6B218-1EBB-47C6-90BC-AD4BF2651D9E}"
EndProject
Project("{2150E333-8FDC-42A3-9474-1A3956D46DE8}") = "Cart", "Cart", "{B4DE22CA-D94F-4C7D-BF07-5F4A22B4A4F5}"
EndProject
Project("{2150E333-8FDC-42A3-9474-1A3956D46DE8}") = "Orders", "Orders", "{78A5E15A-29D8-445A-A8AE-4E45658CBE41}"
EndProject
Project("{2150E333-8FDC-42A3-9474-1A3956D46DE8}") = "Payments", "Payments", "{497D3C2C-7A94-4B9C-BD2F-4479314B0F28}"
EndProject
Project("{2150E333-8FDC-42A3-9474-1A3956D46DE8}") = "Shipments", "Shipments", "{19AD9663-B4CF-4089-9440-164A3240F0E5}"
EndProject
Project("{9A19103F-16F7-4668-BE54-9A1E7A4F7556}") = "Carts", "Cart\Carts.csproj", "{567C6878-52F8-4A29-9077-C2C26C33056D}"
EndProject
Project("{9A19103F-16F7-4668-BE54-9A1E7A4F7556}") = "Cart.Api", "Cart.Api\Cart.Api.csproj", "{EC0789A2-4777-4EE2-BC16-DBA1078EF2D9}"
EndProject
Project("{9A19103F-16F7-4668-BE54-9A1E7A4F7556}") = "Orders", "Orders\Orders.csproj", "{9B503029-4DEB-4686-B535-AE77510DBDC6}"
EndProject
Project("{9A19103F-16F7-4668-BE54-9A1E7A4F7556}") = "Payments", "Payments\Payments.csproj", "{74745FFD-77B4-4476-97D8-B9E984012DA6}"
EndProject
Project("{9A19103F-16F7-4668-BE54-9A1E7A4F7556}") = "Payments.Api", "Payments.Api\Payments.Api.csproj", "{DC1E3EC3-AB6F-49B7-A6CA-30228D24F580}"
EndProject
Project("{2150E333-8FDC-42A3-9474-1A3956D46DE8}") = "Grpc", "Grpc", "{760FD3F0-A730-43F2-9761-B43D8C74E5EE}"
EndProject
Project("{9A19103F-16F7-4668-BE54-9A1E7A4F7556}") = "GrpcServerBasic", "GrpcServerBasic\GrpcServerBasic.csproj", "{E603347B-EB6D-4450-A9B9-A40FA20AA76B}"
EndProject
Project("{9A19103F-16F7-4668-BE54-9A1E7A4F7556}") = "GrpcClientBasic", "GrpcClientBasic\GrpcClientBasic.csproj", "{F2D16EBC-DD1A-4215-A2BB-5D80113AF3E5}"
EndProject
Project("{2150E333-8FDC-42A3-9474-1A3956D46DE8}") = "IdentityServer4", "IdentityServer4", "{05E1327E-3904-4CFF-8692-F0EFEEB4FD3B}"
EndProject
Project("{9A19103F-16F7-4668-BE54-9A1E7A4F7556}") = "IdServer", "IdServer\IdServer.csproj", "{BCCF221A-13C8-4C16-9AD4-0B89247B1F0B}"
EndProject
Project("{9A19103F-16F7-4668-BE54-9A1E7A4F7556}") = "ApiClient", "ApiClient\ApiClient.csproj", "{4C19E8F6-37C8-4434-B6B9-CAF426D23F39}"
EndProject
Project("{9A19103F-16F7-4668-BE54-9A1E7A4F7556}") = "WebMVC", "WebMVC\WebMVC.csproj", "{308B216D-0F06-461A-B0C4-5471A98A9A0A}"
EndProject
Project("{9A19103F-16F7-4668-BE54-9A1E7A4F7556}") = "ApiClient2", "ApiClient2\ApiClient2.csproj", "{436F0C34-511B-45AF-9C20-78CCDCE75C1E}"
EndProject
Project("{2150E333-8FDC-42A3-9474-1A3956D46DE8}") = "ApiResource", "ApiResource", "{ABB61214-DC9E-40E5-8E35-FEBD021AF12B}"
EndProject
Project("{2150E333-8FDC-42A3-9474-1A3956D46DE8}") = "Client", "Client", "{BD4A47EF-1073-4340-BAE6-FFFB0030F8A2}"
EndProject
Project("{9A19103F-16F7-4668-BE54-9A1E7A4F7556}") = "TestApi", "TestApi\TestApi.csproj", "{CDB4455F-AC91-4D9B-91E8-C0ADA881FC47}"
EndProject
Project("{9A19103F-16F7-4668-BE54-9A1E7A4F7556}") = "WebClient", "WebClient\WebClient.csproj", "{36B509C7-4B25-45E0-B327-B72D5599D46A}"
EndProject
Project("{9A19103F-16F7-4668-BE54-9A1E7A4F7556}") = "SPAClient", "SPAClient\SPAClient.csproj", "{76AFE76C-521C-4159-9622-2E0410D303AC}"
EndProject
Project("{2150E333-8FDC-42A3-9474-1A3956D46DE8}") = "Identity", "Identity", "{A5E65292-1A0E-4EFD-B545-50E47E94A052}"
EndProject
Project("{9A19103F-16F7-4668-BE54-9A1E7A4F7556}") = "IdentityExam", "IdentityExam\IdentityExam.csproj", "{E0AAC38E-CEF5-426A-A23D-33DD1CF613C2}"
EndProject
Project("{2150E333-8FDC-42A3-9474-1A3956D46DE8}") = "oAuth", "oAuth", "{929898C7-5095-4564-98A2-BA392DB8194A}"
EndProject
Project("{9A19103F-16F7-4668-BE54-9A1E7A4F7556}") = "Server", "Server\Server.csproj", "{A9AD6D42-CCCA-4B58-A26D-E4D9CE58F91B}"
EndProject
Project("{9A19103F-16F7-4668-BE54-9A1E7A4F7556}") = "Client", "Client\Client.csproj", "{4B92E3A1-E8B0-4A5B-88C7-B63A2B3B1A21}"
EndProject
Project("{2150E333-8FDC-42A3-9474-1A3956D46DE8}") = "IDS4", "IDS4", "{C4E97740-2CF7-4EF8-BFB7-80D974B811F3}"
EndProject
Project("{9A19103F-16F7-4668-BE54-9A1E7A4F7556}") = "IDServer4", "IDServer4\IDServer4.csproj", "{DB08B9F0-ACCB-4D0F-AD14-BFA470135579}"
EndProject
Project("{9A19103F-16F7-4668-BE54-9A1E7A4F7556}") = "ApiOne", "ApiOne\ApiOne.csproj", "{64DE92E8-76D5-4D50-AE32-8BB3096D032A}"
EndProject
Project("{9A19103F-16F7-4668-BE54-9A1E7A4F7556}") = "ApiTwo", "ApiTwo\ApiTwo.csproj", "{350EA8EB-65F3-49F0-BD3A-76830C029CF6}"
EndProject
Project("{2150E333-8FDC-42A3-9474-1A3956D46DE8}") = "AuthenServices", "AuthenServices", "{E2358549-132B-4396-A0C2-80FE7D6B1335}"
EndProject
Project("{9A19103F-16F7-4668-BE54-9A1E7A4F7556}") = "Authen.API", "Authen.API\Authen.API.csproj", "{BBE410E2-E5AF-4BE1-A4BB-E181638D6D17}"
EndProject
Project("{9A19103F-16F7-4668-BE54-9A1E7A4F7556}") = "Authen.Test", "Authen.Test\Authen.Test.csproj", "{AABE06E1-B012-400C-A263-33A6A0DC51F9}"
EndProject
Project("{2150E333-8FDC-42A3-9474-1A3956D46DE8}") = "NugetPrivate", "NugetPrivate", "{8FBD1130-BF7E-4B67-9B0D-FC7DC368554F}"
EndProject
Project("{9A19103F-16F7-4668-BE54-9A1E7A4F7556}") = "NugetPrivateTest", "NugetPrivateTest\NugetPrivateTest.csproj", "{A0B1850C-792D-46DF-998F-CA4F013A8B7A}"
EndProject
Project("{2150E333-8FDC-42A3-9474-1A3956D46DE8}") = "TestCodeBug", "TestCodeBug", "{5DA9F7C4-F005-42E7-BA2D-C70C597B4070}"
EndProject
Project("{9A19103F-16F7-4668-BE54-9A1E7A4F7556}") = "TestTrigger", "TestTrigger\TestTrigger.csproj", "{49B0B441-A5CB-4AE0-B544-2B94EAD2508A}"
EndProject
Project("{2150E333-8FDC-42A3-9474-1A3956D46DE8}") = "BackgroundScheduled", "BackgroundScheduled", "{6F3904F2-BF30-44E0-ABCD-5988F15057F4}"
EndProject
Project("{9A19103F-16F7-4668-BE54-9A1E7A4F7556}") = "ScheduleService", "ScheduleService\ScheduleService.csproj", "{C4B5C6D8-AA32-4830-8E96-B4173362962A}"
EndProject
Project("{9A19103F-16F7-4668-BE54-9A1E7A4F7556}") = "AutoPubMsg", "AutoPubMsg\AutoPubMsg.csproj", "{217EA7F9-D162-4450-A5B2-72572C93628E}"
EndProject
Project("{9A19103F-16F7-4668-BE54-9A1E7A4F7556}") = "AutoConsumeMsg", "AutoConsumeMsg\AutoConsumeMsg.csproj", "{5ACDFD0C-D3F7-49C0-A456-AC97A6EF36AF}"
EndProject
Project("{2150E333-8FDC-42A3-9474-1A3956D46DE8}") = "Memory", "Memory", "{089C8668-2263-405E-B69F-7605EC5DF2DF}"
EndProject
Project("{9A19103F-16F7-4668-BE54-9A1E7A4F7556}") = "HazelCast", "HazelCast\HazelCast.csproj", "{8B7D19BB-06FF-4CE6-A956-01AD790FD4F0}"
EndProject
Project("{9A19103F-16F7-4668-BE54-9A1E7A4F7556}") = "HazelCast.AppDemo", "HazelCast.AppDemo\HazelCast.AppDemo.csproj", "{9D5D853B-E593-4EAF-B631-7E631AE857E6}"
EndProject
Project("{2150E333-8FDC-42A3-9474-1A3956D46DE8}") = "API.LocustTest", "API.LocustTest", "{1EF09D2F-1921-4030-B06C-42F3E8CEF2B8}"
EndProject
Project("{9A19103F-16F7-4668-BE54-9A1E7A4F7556}") = "Locust.LoadTestHttp", "Locust.LoadTestHttp\Locust.LoadTestHttp.csproj", "{13591D33-2B9E-4E9E-8D47-B0513C3CC154}"
EndProject
Project("{9A19103F-16F7-4668-BE54-9A1E7A4F7556}") = "StopConsumer", "StopConsumer\StopConsumer.csproj", "{BCD49E5C-F5D9-4DB1-A524-CBD2AE2063BD}"
EndProject
Project("{2150E333-8FDC-42A3-9474-1A3956D46DE8}") = "Parallel", "Parallel", "{313166F2-AF85-4109-8583-D38E71E00EF2}"
EndProject
Project("{9A19103F-16F7-4668-BE54-9A1E7A4F7556}") = "Parallel.ConsoleApp", "Parallel.ConsoleApp\Parallel.ConsoleApp.csproj", "{6E5CDEB5-8492-4DF0-9B57-9BC2CF48A3A0}"
EndProject
Project("{2150E333-8FDC-42A3-9474-1A3956D46DE8}") = "NetMQ", "NetMQ", "{62A0F338-7C79-4C83-B9E1-21E17B9ACD31}"
EndProject
Project("{9A19103F-16F7-4668-BE54-9A1E7A4F7556}") = "PullService", "PullService\PullService.csproj", "{BED19514-DA61-4B76-B576-A967838142A4}"
EndProject
Project("{9A19103F-16F7-4668-BE54-9A1E7A4F7556}") = "PushService", "PushService\PushService.csproj", "{17AF787A-FB1B-4847-AB76-EBE757ECB197}"
EndProject
Project("{2150E333-8FDC-42A3-9474-1A3956D46DE8}") = "Mapping", "Mapping", "{7F3B7716-FED0-443E-A61C-9A7986D2A10F}"
EndProject
Project("{9A19103F-16F7-4668-BE54-9A1E7A4F7556}") = "MappingDataDB", "MappingDataDB\MappingDataDB.csproj", "{87B6E74C-E661-4160-BA33-671AD880ABDE}"
EndProject
Project("{9A19103F-16F7-4668-BE54-9A1E7A4F7556}") = "MigrationErr", "MigrationErr\MigrationErr.csproj", "{8910FC2E-020F-4604-BBEB-DF58F730B868}"
EndProject
Project("{2150E333-8FDC-42A3-9474-1A3956D46DE8}") = "Kafka", "Kafka", "{A6EF0FB5-8D9F-484A-B384-D986DA81EEA6}"
EndProject
Project("{9A19103F-16F7-4668-BE54-9A1E7A4F7556}") = "Kafka.Stream", "Kafka.Stream\Kafka.Stream.csproj", "{91F916C3-C9D4-46CE-8892-BED064D12E85}"
EndProject
Project("{9A19103F-16F7-4668-BE54-9A1E7A4F7556}") = "AutoSubMsgNormal", "AutoSubMsgNormal\AutoSubMsgNormal.csproj", "{FF91A8C8-1816-470A-881D-71DB1831A7BC}"
EndProject
Project("{2150E333-8FDC-42A3-9474-1A3956D46DE8}") = "RealDataTwoDb", "RealDataTwoDb", "{81C53DD5-D91F-4DE4-A060-75352DA866D6}"
EndProject
Project("{FAE04EC0-301F-11D3-BF4B-00C04F79EFBC}") = "AppChangeDataDB", "AppChangeDataDB\AppChangeDataDB.csproj", "{FFDC5219-78B2-4459-8BBA-EB779A79E425}"
EndProject
Global
	GlobalSection(SolutionConfigurationPlatforms) = preSolution
		Debug|Any CPU = Debug|Any CPU
		Release|Any CPU = Release|Any CPU
	EndGlobalSection
	GlobalSection(ProjectConfigurationPlatforms) = postSolution
		{0A37931A-E761-4D41-A9A8-EEF40C870B97}.Debug|Any CPU.ActiveCfg = Debug|Any CPU
		{0A37931A-E761-4D41-A9A8-EEF40C870B97}.Debug|Any CPU.Build.0 = Debug|Any CPU
		{0A37931A-E761-4D41-A9A8-EEF40C870B97}.Release|Any CPU.ActiveCfg = Release|Any CPU
		{0A37931A-E761-4D41-A9A8-EEF40C870B97}.Release|Any CPU.Build.0 = Release|Any CPU
		{011A1D00-E75D-45FE-BF33-479D3868670D}.Debug|Any CPU.ActiveCfg = Debug|Any CPU
		{011A1D00-E75D-45FE-BF33-479D3868670D}.Debug|Any CPU.Build.0 = Debug|Any CPU
		{011A1D00-E75D-45FE-BF33-479D3868670D}.Release|Any CPU.ActiveCfg = Release|Any CPU
		{011A1D00-E75D-45FE-BF33-479D3868670D}.Release|Any CPU.Build.0 = Release|Any CPU
		{CB446182-96F9-4040-9F39-6B2AD8F59FA7}.Debug|Any CPU.ActiveCfg = Debug|Any CPU
		{CB446182-96F9-4040-9F39-6B2AD8F59FA7}.Debug|Any CPU.Build.0 = Debug|Any CPU
		{CB446182-96F9-4040-9F39-6B2AD8F59FA7}.Release|Any CPU.ActiveCfg = Release|Any CPU
		{CB446182-96F9-4040-9F39-6B2AD8F59FA7}.Release|Any CPU.Build.0 = Release|Any CPU
		{C061F3F8-8F0B-4D53-A816-CE979A31EEF0}.Debug|Any CPU.ActiveCfg = Debug|Any CPU
		{C061F3F8-8F0B-4D53-A816-CE979A31EEF0}.Debug|Any CPU.Build.0 = Debug|Any CPU
		{C061F3F8-8F0B-4D53-A816-CE979A31EEF0}.Release|Any CPU.ActiveCfg = Release|Any CPU
		{C061F3F8-8F0B-4D53-A816-CE979A31EEF0}.Release|Any CPU.Build.0 = Release|Any CPU
		{B3BD20E8-00F4-4DE6-BF8B-9DEC79985508}.Debug|Any CPU.ActiveCfg = Debug|Any CPU
		{B3BD20E8-00F4-4DE6-BF8B-9DEC79985508}.Debug|Any CPU.Build.0 = Debug|Any CPU
		{B3BD20E8-00F4-4DE6-BF8B-9DEC79985508}.Release|Any CPU.ActiveCfg = Release|Any CPU
		{B3BD20E8-00F4-4DE6-BF8B-9DEC79985508}.Release|Any CPU.Build.0 = Release|Any CPU
		{4EB2C2BE-8C2C-494E-A253-C58DB12154DD}.Debug|Any CPU.ActiveCfg = Debug|Any CPU
		{4EB2C2BE-8C2C-494E-A253-C58DB12154DD}.Debug|Any CPU.Build.0 = Debug|Any CPU
		{4EB2C2BE-8C2C-494E-A253-C58DB12154DD}.Release|Any CPU.ActiveCfg = Release|Any CPU
		{4EB2C2BE-8C2C-494E-A253-C58DB12154DD}.Release|Any CPU.Build.0 = Release|Any CPU
		{FC4B5A86-0DFD-4BC1-AD28-A056D8635D81}.Debug|Any CPU.ActiveCfg = Debug|Any CPU
		{FC4B5A86-0DFD-4BC1-AD28-A056D8635D81}.Debug|Any CPU.Build.0 = Debug|Any CPU
		{FC4B5A86-0DFD-4BC1-AD28-A056D8635D81}.Release|Any CPU.ActiveCfg = Release|Any CPU
		{FC4B5A86-0DFD-4BC1-AD28-A056D8635D81}.Release|Any CPU.Build.0 = Release|Any CPU
		{1766572F-9FD0-4BDF-8F34-D5EC40F926C3}.Debug|Any CPU.ActiveCfg = Debug|Any CPU
		{1766572F-9FD0-4BDF-8F34-D5EC40F926C3}.Debug|Any CPU.Build.0 = Debug|Any CPU
		{1766572F-9FD0-4BDF-8F34-D5EC40F926C3}.Release|Any CPU.ActiveCfg = Release|Any CPU
		{1766572F-9FD0-4BDF-8F34-D5EC40F926C3}.Release|Any CPU.Build.0 = Release|Any CPU
		{E587A3A0-C67C-411C-BC74-D439612CB1A7}.Debug|Any CPU.ActiveCfg = Debug|Any CPU
		{E587A3A0-C67C-411C-BC74-D439612CB1A7}.Debug|Any CPU.Build.0 = Debug|Any CPU
		{E587A3A0-C67C-411C-BC74-D439612CB1A7}.Release|Any CPU.ActiveCfg = Release|Any CPU
		{E587A3A0-C67C-411C-BC74-D439612CB1A7}.Release|Any CPU.Build.0 = Release|Any CPU
		{A0B40534-22B9-4BE2-A80D-C31C5FFF10A4}.Debug|Any CPU.ActiveCfg = Debug|Any CPU
		{A0B40534-22B9-4BE2-A80D-C31C5FFF10A4}.Debug|Any CPU.Build.0 = Debug|Any CPU
		{A0B40534-22B9-4BE2-A80D-C31C5FFF10A4}.Release|Any CPU.ActiveCfg = Release|Any CPU
		{A0B40534-22B9-4BE2-A80D-C31C5FFF10A4}.Release|Any CPU.Build.0 = Release|Any CPU
		{96B6B218-1EBB-47C6-90BC-AD4BF2651D9E}.Debug|Any CPU.ActiveCfg = Debug|Any CPU
		{96B6B218-1EBB-47C6-90BC-AD4BF2651D9E}.Debug|Any CPU.Build.0 = Debug|Any CPU
		{96B6B218-1EBB-47C6-90BC-AD4BF2651D9E}.Release|Any CPU.ActiveCfg = Release|Any CPU
		{96B6B218-1EBB-47C6-90BC-AD4BF2651D9E}.Release|Any CPU.Build.0 = Release|Any CPU
		{567C6878-52F8-4A29-9077-C2C26C33056D}.Debug|Any CPU.ActiveCfg = Debug|Any CPU
		{567C6878-52F8-4A29-9077-C2C26C33056D}.Debug|Any CPU.Build.0 = Debug|Any CPU
		{567C6878-52F8-4A29-9077-C2C26C33056D}.Release|Any CPU.ActiveCfg = Release|Any CPU
		{567C6878-52F8-4A29-9077-C2C26C33056D}.Release|Any CPU.Build.0 = Release|Any CPU
		{EC0789A2-4777-4EE2-BC16-DBA1078EF2D9}.Debug|Any CPU.ActiveCfg = Debug|Any CPU
		{EC0789A2-4777-4EE2-BC16-DBA1078EF2D9}.Debug|Any CPU.Build.0 = Debug|Any CPU
		{EC0789A2-4777-4EE2-BC16-DBA1078EF2D9}.Release|Any CPU.ActiveCfg = Release|Any CPU
		{EC0789A2-4777-4EE2-BC16-DBA1078EF2D9}.Release|Any CPU.Build.0 = Release|Any CPU
		{9B503029-4DEB-4686-B535-AE77510DBDC6}.Debug|Any CPU.ActiveCfg = Debug|Any CPU
		{9B503029-4DEB-4686-B535-AE77510DBDC6}.Debug|Any CPU.Build.0 = Debug|Any CPU
		{9B503029-4DEB-4686-B535-AE77510DBDC6}.Release|Any CPU.ActiveCfg = Release|Any CPU
		{9B503029-4DEB-4686-B535-AE77510DBDC6}.Release|Any CPU.Build.0 = Release|Any CPU
		{74745FFD-77B4-4476-97D8-B9E984012DA6}.Debug|Any CPU.ActiveCfg = Debug|Any CPU
		{74745FFD-77B4-4476-97D8-B9E984012DA6}.Debug|Any CPU.Build.0 = Debug|Any CPU
		{74745FFD-77B4-4476-97D8-B9E984012DA6}.Release|Any CPU.ActiveCfg = Release|Any CPU
		{74745FFD-77B4-4476-97D8-B9E984012DA6}.Release|Any CPU.Build.0 = Release|Any CPU
		{DC1E3EC3-AB6F-49B7-A6CA-30228D24F580}.Debug|Any CPU.ActiveCfg = Debug|Any CPU
		{DC1E3EC3-AB6F-49B7-A6CA-30228D24F580}.Debug|Any CPU.Build.0 = Debug|Any CPU
		{DC1E3EC3-AB6F-49B7-A6CA-30228D24F580}.Release|Any CPU.ActiveCfg = Release|Any CPU
		{DC1E3EC3-AB6F-49B7-A6CA-30228D24F580}.Release|Any CPU.Build.0 = Release|Any CPU
		{E603347B-EB6D-4450-A9B9-A40FA20AA76B}.Debug|Any CPU.ActiveCfg = Debug|Any CPU
		{E603347B-EB6D-4450-A9B9-A40FA20AA76B}.Debug|Any CPU.Build.0 = Debug|Any CPU
		{E603347B-EB6D-4450-A9B9-A40FA20AA76B}.Release|Any CPU.ActiveCfg = Release|Any CPU
		{E603347B-EB6D-4450-A9B9-A40FA20AA76B}.Release|Any CPU.Build.0 = Release|Any CPU
		{F2D16EBC-DD1A-4215-A2BB-5D80113AF3E5}.Debug|Any CPU.ActiveCfg = Debug|Any CPU
		{F2D16EBC-DD1A-4215-A2BB-5D80113AF3E5}.Debug|Any CPU.Build.0 = Debug|Any CPU
		{F2D16EBC-DD1A-4215-A2BB-5D80113AF3E5}.Release|Any CPU.ActiveCfg = Release|Any CPU
		{F2D16EBC-DD1A-4215-A2BB-5D80113AF3E5}.Release|Any CPU.Build.0 = Release|Any CPU
		{BCCF221A-13C8-4C16-9AD4-0B89247B1F0B}.Debug|Any CPU.ActiveCfg = Debug|Any CPU
		{BCCF221A-13C8-4C16-9AD4-0B89247B1F0B}.Debug|Any CPU.Build.0 = Debug|Any CPU
		{BCCF221A-13C8-4C16-9AD4-0B89247B1F0B}.Release|Any CPU.ActiveCfg = Release|Any CPU
		{BCCF221A-13C8-4C16-9AD4-0B89247B1F0B}.Release|Any CPU.Build.0 = Release|Any CPU
		{4C19E8F6-37C8-4434-B6B9-CAF426D23F39}.Debug|Any CPU.ActiveCfg = Debug|Any CPU
		{4C19E8F6-37C8-4434-B6B9-CAF426D23F39}.Debug|Any CPU.Build.0 = Debug|Any CPU
		{4C19E8F6-37C8-4434-B6B9-CAF426D23F39}.Release|Any CPU.ActiveCfg = Release|Any CPU
		{4C19E8F6-37C8-4434-B6B9-CAF426D23F39}.Release|Any CPU.Build.0 = Release|Any CPU
		{308B216D-0F06-461A-B0C4-5471A98A9A0A}.Debug|Any CPU.ActiveCfg = Debug|Any CPU
		{308B216D-0F06-461A-B0C4-5471A98A9A0A}.Debug|Any CPU.Build.0 = Debug|Any CPU
		{308B216D-0F06-461A-B0C4-5471A98A9A0A}.Release|Any CPU.ActiveCfg = Release|Any CPU
		{308B216D-0F06-461A-B0C4-5471A98A9A0A}.Release|Any CPU.Build.0 = Release|Any CPU
		{436F0C34-511B-45AF-9C20-78CCDCE75C1E}.Debug|Any CPU.ActiveCfg = Debug|Any CPU
		{436F0C34-511B-45AF-9C20-78CCDCE75C1E}.Debug|Any CPU.Build.0 = Debug|Any CPU
		{436F0C34-511B-45AF-9C20-78CCDCE75C1E}.Release|Any CPU.ActiveCfg = Release|Any CPU
		{436F0C34-511B-45AF-9C20-78CCDCE75C1E}.Release|Any CPU.Build.0 = Release|Any CPU
		{CDB4455F-AC91-4D9B-91E8-C0ADA881FC47}.Debug|Any CPU.ActiveCfg = Debug|Any CPU
		{CDB4455F-AC91-4D9B-91E8-C0ADA881FC47}.Debug|Any CPU.Build.0 = Debug|Any CPU
		{CDB4455F-AC91-4D9B-91E8-C0ADA881FC47}.Release|Any CPU.ActiveCfg = Release|Any CPU
		{CDB4455F-AC91-4D9B-91E8-C0ADA881FC47}.Release|Any CPU.Build.0 = Release|Any CPU
		{36B509C7-4B25-45E0-B327-B72D5599D46A}.Debug|Any CPU.ActiveCfg = Debug|Any CPU
		{36B509C7-4B25-45E0-B327-B72D5599D46A}.Debug|Any CPU.Build.0 = Debug|Any CPU
		{36B509C7-4B25-45E0-B327-B72D5599D46A}.Release|Any CPU.ActiveCfg = Release|Any CPU
		{36B509C7-4B25-45E0-B327-B72D5599D46A}.Release|Any CPU.Build.0 = Release|Any CPU
		{76AFE76C-521C-4159-9622-2E0410D303AC}.Debug|Any CPU.ActiveCfg = Debug|Any CPU
		{76AFE76C-521C-4159-9622-2E0410D303AC}.Debug|Any CPU.Build.0 = Debug|Any CPU
		{76AFE76C-521C-4159-9622-2E0410D303AC}.Release|Any CPU.ActiveCfg = Release|Any CPU
		{76AFE76C-521C-4159-9622-2E0410D303AC}.Release|Any CPU.Build.0 = Release|Any CPU
		{E0AAC38E-CEF5-426A-A23D-33DD1CF613C2}.Debug|Any CPU.ActiveCfg = Debug|Any CPU
		{E0AAC38E-CEF5-426A-A23D-33DD1CF613C2}.Debug|Any CPU.Build.0 = Debug|Any CPU
		{E0AAC38E-CEF5-426A-A23D-33DD1CF613C2}.Release|Any CPU.ActiveCfg = Release|Any CPU
		{E0AAC38E-CEF5-426A-A23D-33DD1CF613C2}.Release|Any CPU.Build.0 = Release|Any CPU
		{A9AD6D42-CCCA-4B58-A26D-E4D9CE58F91B}.Debug|Any CPU.ActiveCfg = Debug|Any CPU
		{A9AD6D42-CCCA-4B58-A26D-E4D9CE58F91B}.Debug|Any CPU.Build.0 = Debug|Any CPU
		{A9AD6D42-CCCA-4B58-A26D-E4D9CE58F91B}.Release|Any CPU.ActiveCfg = Release|Any CPU
		{A9AD6D42-CCCA-4B58-A26D-E4D9CE58F91B}.Release|Any CPU.Build.0 = Release|Any CPU
		{4B92E3A1-E8B0-4A5B-88C7-B63A2B3B1A21}.Debug|Any CPU.ActiveCfg = Debug|Any CPU
		{4B92E3A1-E8B0-4A5B-88C7-B63A2B3B1A21}.Debug|Any CPU.Build.0 = Debug|Any CPU
		{4B92E3A1-E8B0-4A5B-88C7-B63A2B3B1A21}.Release|Any CPU.ActiveCfg = Release|Any CPU
		{4B92E3A1-E8B0-4A5B-88C7-B63A2B3B1A21}.Release|Any CPU.Build.0 = Release|Any CPU
		{DB08B9F0-ACCB-4D0F-AD14-BFA470135579}.Debug|Any CPU.ActiveCfg = Debug|Any CPU
		{DB08B9F0-ACCB-4D0F-AD14-BFA470135579}.Debug|Any CPU.Build.0 = Debug|Any CPU
		{DB08B9F0-ACCB-4D0F-AD14-BFA470135579}.Release|Any CPU.ActiveCfg = Release|Any CPU
		{DB08B9F0-ACCB-4D0F-AD14-BFA470135579}.Release|Any CPU.Build.0 = Release|Any CPU
		{64DE92E8-76D5-4D50-AE32-8BB3096D032A}.Debug|Any CPU.ActiveCfg = Debug|Any CPU
		{64DE92E8-76D5-4D50-AE32-8BB3096D032A}.Debug|Any CPU.Build.0 = Debug|Any CPU
		{64DE92E8-76D5-4D50-AE32-8BB3096D032A}.Release|Any CPU.ActiveCfg = Release|Any CPU
		{64DE92E8-76D5-4D50-AE32-8BB3096D032A}.Release|Any CPU.Build.0 = Release|Any CPU
		{350EA8EB-65F3-49F0-BD3A-76830C029CF6}.Debug|Any CPU.ActiveCfg = Debug|Any CPU
		{350EA8EB-65F3-49F0-BD3A-76830C029CF6}.Debug|Any CPU.Build.0 = Debug|Any CPU
		{350EA8EB-65F3-49F0-BD3A-76830C029CF6}.Release|Any CPU.ActiveCfg = Release|Any CPU
		{350EA8EB-65F3-49F0-BD3A-76830C029CF6}.Release|Any CPU.Build.0 = Release|Any CPU
		{BBE410E2-E5AF-4BE1-A4BB-E181638D6D17}.Debug|Any CPU.ActiveCfg = Debug|Any CPU
		{BBE410E2-E5AF-4BE1-A4BB-E181638D6D17}.Debug|Any CPU.Build.0 = Debug|Any CPU
		{BBE410E2-E5AF-4BE1-A4BB-E181638D6D17}.Release|Any CPU.ActiveCfg = Release|Any CPU
		{BBE410E2-E5AF-4BE1-A4BB-E181638D6D17}.Release|Any CPU.Build.0 = Release|Any CPU
		{AABE06E1-B012-400C-A263-33A6A0DC51F9}.Debug|Any CPU.ActiveCfg = Debug|Any CPU
		{AABE06E1-B012-400C-A263-33A6A0DC51F9}.Debug|Any CPU.Build.0 = Debug|Any CPU
		{AABE06E1-B012-400C-A263-33A6A0DC51F9}.Release|Any CPU.ActiveCfg = Release|Any CPU
		{AABE06E1-B012-400C-A263-33A6A0DC51F9}.Release|Any CPU.Build.0 = Release|Any CPU
		{A0B1850C-792D-46DF-998F-CA4F013A8B7A}.Debug|Any CPU.ActiveCfg = Debug|Any CPU
		{A0B1850C-792D-46DF-998F-CA4F013A8B7A}.Debug|Any CPU.Build.0 = Debug|Any CPU
		{A0B1850C-792D-46DF-998F-CA4F013A8B7A}.Release|Any CPU.ActiveCfg = Release|Any CPU
		{A0B1850C-792D-46DF-998F-CA4F013A8B7A}.Release|Any CPU.Build.0 = Release|Any CPU
		{49B0B441-A5CB-4AE0-B544-2B94EAD2508A}.Debug|Any CPU.ActiveCfg = Debug|Any CPU
		{49B0B441-A5CB-4AE0-B544-2B94EAD2508A}.Debug|Any CPU.Build.0 = Debug|Any CPU
		{49B0B441-A5CB-4AE0-B544-2B94EAD2508A}.Release|Any CPU.ActiveCfg = Release|Any CPU
		{49B0B441-A5CB-4AE0-B544-2B94EAD2508A}.Release|Any CPU.Build.0 = Release|Any CPU
		{C4B5C6D8-AA32-4830-8E96-B4173362962A}.Debug|Any CPU.ActiveCfg = Debug|Any CPU
		{C4B5C6D8-AA32-4830-8E96-B4173362962A}.Debug|Any CPU.Build.0 = Debug|Any CPU
		{C4B5C6D8-AA32-4830-8E96-B4173362962A}.Release|Any CPU.ActiveCfg = Release|Any CPU
		{C4B5C6D8-AA32-4830-8E96-B4173362962A}.Release|Any CPU.Build.0 = Release|Any CPU
		{217EA7F9-D162-4450-A5B2-72572C93628E}.Debug|Any CPU.ActiveCfg = Debug|Any CPU
		{217EA7F9-D162-4450-A5B2-72572C93628E}.Debug|Any CPU.Build.0 = Debug|Any CPU
		{217EA7F9-D162-4450-A5B2-72572C93628E}.Release|Any CPU.ActiveCfg = Release|Any CPU
		{217EA7F9-D162-4450-A5B2-72572C93628E}.Release|Any CPU.Build.0 = Release|Any CPU
		{5ACDFD0C-D3F7-49C0-A456-AC97A6EF36AF}.Debug|Any CPU.ActiveCfg = Debug|Any CPU
		{5ACDFD0C-D3F7-49C0-A456-AC97A6EF36AF}.Debug|Any CPU.Build.0 = Debug|Any CPU
		{5ACDFD0C-D3F7-49C0-A456-AC97A6EF36AF}.Release|Any CPU.ActiveCfg = Release|Any CPU
		{5ACDFD0C-D3F7-49C0-A456-AC97A6EF36AF}.Release|Any CPU.Build.0 = Release|Any CPU
		{8B7D19BB-06FF-4CE6-A956-01AD790FD4F0}.Debug|Any CPU.ActiveCfg = Debug|Any CPU
		{8B7D19BB-06FF-4CE6-A956-01AD790FD4F0}.Debug|Any CPU.Build.0 = Debug|Any CPU
		{8B7D19BB-06FF-4CE6-A956-01AD790FD4F0}.Release|Any CPU.ActiveCfg = Release|Any CPU
		{8B7D19BB-06FF-4CE6-A956-01AD790FD4F0}.Release|Any CPU.Build.0 = Release|Any CPU
		{9D5D853B-E593-4EAF-B631-7E631AE857E6}.Debug|Any CPU.ActiveCfg = Debug|Any CPU
		{9D5D853B-E593-4EAF-B631-7E631AE857E6}.Debug|Any CPU.Build.0 = Debug|Any CPU
		{9D5D853B-E593-4EAF-B631-7E631AE857E6}.Release|Any CPU.ActiveCfg = Release|Any CPU
		{9D5D853B-E593-4EAF-B631-7E631AE857E6}.Release|Any CPU.Build.0 = Release|Any CPU
		{13591D33-2B9E-4E9E-8D47-B0513C3CC154}.Debug|Any CPU.ActiveCfg = Debug|Any CPU
		{13591D33-2B9E-4E9E-8D47-B0513C3CC154}.Debug|Any CPU.Build.0 = Debug|Any CPU
		{13591D33-2B9E-4E9E-8D47-B0513C3CC154}.Release|Any CPU.ActiveCfg = Release|Any CPU
		{13591D33-2B9E-4E9E-8D47-B0513C3CC154}.Release|Any CPU.Build.0 = Release|Any CPU
		{BCD49E5C-F5D9-4DB1-A524-CBD2AE2063BD}.Debug|Any CPU.ActiveCfg = Debug|Any CPU
		{BCD49E5C-F5D9-4DB1-A524-CBD2AE2063BD}.Debug|Any CPU.Build.0 = Debug|Any CPU
		{BCD49E5C-F5D9-4DB1-A524-CBD2AE2063BD}.Release|Any CPU.ActiveCfg = Release|Any CPU
		{BCD49E5C-F5D9-4DB1-A524-CBD2AE2063BD}.Release|Any CPU.Build.0 = Release|Any CPU
		{6E5CDEB5-8492-4DF0-9B57-9BC2CF48A3A0}.Debug|Any CPU.ActiveCfg = Debug|Any CPU
		{6E5CDEB5-8492-4DF0-9B57-9BC2CF48A3A0}.Debug|Any CPU.Build.0 = Debug|Any CPU
		{6E5CDEB5-8492-4DF0-9B57-9BC2CF48A3A0}.Release|Any CPU.ActiveCfg = Release|Any CPU
		{6E5CDEB5-8492-4DF0-9B57-9BC2CF48A3A0}.Release|Any CPU.Build.0 = Release|Any CPU
		{BED19514-DA61-4B76-B576-A967838142A4}.Debug|Any CPU.ActiveCfg = Debug|Any CPU
		{BED19514-DA61-4B76-B576-A967838142A4}.Debug|Any CPU.Build.0 = Debug|Any CPU
		{BED19514-DA61-4B76-B576-A967838142A4}.Release|Any CPU.ActiveCfg = Release|Any CPU
		{BED19514-DA61-4B76-B576-A967838142A4}.Release|Any CPU.Build.0 = Release|Any CPU
		{17AF787A-FB1B-4847-AB76-EBE757ECB197}.Debug|Any CPU.ActiveCfg = Debug|Any CPU
		{17AF787A-FB1B-4847-AB76-EBE757ECB197}.Debug|Any CPU.Build.0 = Debug|Any CPU
		{17AF787A-FB1B-4847-AB76-EBE757ECB197}.Release|Any CPU.ActiveCfg = Release|Any CPU
		{17AF787A-FB1B-4847-AB76-EBE757ECB197}.Release|Any CPU.Build.0 = Release|Any CPU
		{87B6E74C-E661-4160-BA33-671AD880ABDE}.Debug|Any CPU.ActiveCfg = Debug|Any CPU
		{87B6E74C-E661-4160-BA33-671AD880ABDE}.Debug|Any CPU.Build.0 = Debug|Any CPU
		{87B6E74C-E661-4160-BA33-671AD880ABDE}.Release|Any CPU.ActiveCfg = Release|Any CPU
		{87B6E74C-E661-4160-BA33-671AD880ABDE}.Release|Any CPU.Build.0 = Release|Any CPU
		{8910FC2E-020F-4604-BBEB-DF58F730B868}.Debug|Any CPU.ActiveCfg = Debug|Any CPU
		{8910FC2E-020F-4604-BBEB-DF58F730B868}.Debug|Any CPU.Build.0 = Debug|Any CPU
		{8910FC2E-020F-4604-BBEB-DF58F730B868}.Release|Any CPU.ActiveCfg = Release|Any CPU
		{8910FC2E-020F-4604-BBEB-DF58F730B868}.Release|Any CPU.Build.0 = Release|Any CPU
		{91F916C3-C9D4-46CE-8892-BED064D12E85}.Debug|Any CPU.ActiveCfg = Debug|Any CPU
		{91F916C3-C9D4-46CE-8892-BED064D12E85}.Debug|Any CPU.Build.0 = Debug|Any CPU
		{91F916C3-C9D4-46CE-8892-BED064D12E85}.Release|Any CPU.ActiveCfg = Release|Any CPU
		{91F916C3-C9D4-46CE-8892-BED064D12E85}.Release|Any CPU.Build.0 = Release|Any CPU
		{FF91A8C8-1816-470A-881D-71DB1831A7BC}.Debug|Any CPU.ActiveCfg = Debug|Any CPU
		{FF91A8C8-1816-470A-881D-71DB1831A7BC}.Debug|Any CPU.Build.0 = Debug|Any CPU
		{FF91A8C8-1816-470A-881D-71DB1831A7BC}.Release|Any CPU.ActiveCfg = Release|Any CPU
		{FF91A8C8-1816-470A-881D-71DB1831A7BC}.Release|Any CPU.Build.0 = Release|Any CPU
		{FFDC5219-78B2-4459-8BBA-EB779A79E425}.Debug|Any CPU.ActiveCfg = Debug|Any CPU
		{FFDC5219-78B2-4459-8BBA-EB779A79E425}.Debug|Any CPU.Build.0 = Debug|Any CPU
		{FFDC5219-78B2-4459-8BBA-EB779A79E425}.Release|Any CPU.ActiveCfg = Release|Any CPU
		{FFDC5219-78B2-4459-8BBA-EB779A79E425}.Release|Any CPU.Build.0 = Release|Any CPU
	EndGlobalSection
	GlobalSection(SolutionProperties) = preSolution
		HideSolutionNode = FALSE
	EndGlobalSection
	GlobalSection(NestedProjects) = preSolution
		{CB446182-96F9-4040-9F39-6B2AD8F59FA7} = {8FC8870D-AE68-4CFE-8990-E12454954FCC}
		{C061F3F8-8F0B-4D53-A816-CE979A31EEF0} = {8FC8870D-AE68-4CFE-8990-E12454954FCC}
		{B3BD20E8-00F4-4DE6-BF8B-9DEC79985508} = {8FC8870D-AE68-4CFE-8990-E12454954FCC}
		{4EB2C2BE-8C2C-494E-A253-C58DB12154DD} = {8FC8870D-AE68-4CFE-8990-E12454954FCC}
		{FC4B5A86-0DFD-4BC1-AD28-A056D8635D81} = {8FC8870D-AE68-4CFE-8990-E12454954FCC}
		{1766572F-9FD0-4BDF-8F34-D5EC40F926C3} = {8FC8870D-AE68-4CFE-8990-E12454954FCC}
		{09755A06-5398-4398-A2C1-7FDCCAF39AC9} = {4B99B662-E0C8-4502-9E19-4D02E07F1A84}
		{F0A0F41D-3DA6-411F-8DEB-3295DDDBC251} = {4B99B662-E0C8-4502-9E19-4D02E07F1A84}
		{292E31D5-228E-4C0F-8525-C01B6A04FB7E} = {4B99B662-E0C8-4502-9E19-4D02E07F1A84}
		{7E458C9D-969C-409A-9FB0-1B53E4EB0F7D} = {4B99B662-E0C8-4502-9E19-4D02E07F1A84}
		{31227B36-5901-4B85-858A-C75F3BC600CF} = {4B99B662-E0C8-4502-9E19-4D02E07F1A84}
		{B538DFA7-9369-4676-AE23-737A72AF1ACA} = {4B99B662-E0C8-4502-9E19-4D02E07F1A84}
		{EE76F780-1D4F-4193-A29B-A05C748CC989} = {4B99B662-E0C8-4502-9E19-4D02E07F1A84}
		{E587A3A0-C67C-411C-BC74-D439612CB1A7} = {09755A06-5398-4398-A2C1-7FDCCAF39AC9}
		{A0B40534-22B9-4BE2-A80D-C31C5FFF10A4} = {09755A06-5398-4398-A2C1-7FDCCAF39AC9}
		{96B6B218-1EBB-47C6-90BC-AD4BF2651D9E} = {8FC8870D-AE68-4CFE-8990-E12454954FCC}
		{B4DE22CA-D94F-4C7D-BF07-5F4A22B4A4F5} = {F0A0F41D-3DA6-411F-8DEB-3295DDDBC251}
		{78A5E15A-29D8-445A-A8AE-4E45658CBE41} = {F0A0F41D-3DA6-411F-8DEB-3295DDDBC251}
		{497D3C2C-7A94-4B9C-BD2F-4479314B0F28} = {F0A0F41D-3DA6-411F-8DEB-3295DDDBC251}
		{19AD9663-B4CF-4089-9440-164A3240F0E5} = {F0A0F41D-3DA6-411F-8DEB-3295DDDBC251}
		{567C6878-52F8-4A29-9077-C2C26C33056D} = {B4DE22CA-D94F-4C7D-BF07-5F4A22B4A4F5}
		{EC0789A2-4777-4EE2-BC16-DBA1078EF2D9} = {B4DE22CA-D94F-4C7D-BF07-5F4A22B4A4F5}
		{9B503029-4DEB-4686-B535-AE77510DBDC6} = {78A5E15A-29D8-445A-A8AE-4E45658CBE41}
		{74745FFD-77B4-4476-97D8-B9E984012DA6} = {497D3C2C-7A94-4B9C-BD2F-4479314B0F28}
		{DC1E3EC3-AB6F-49B7-A6CA-30228D24F580} = {497D3C2C-7A94-4B9C-BD2F-4479314B0F28}
		{E603347B-EB6D-4450-A9B9-A40FA20AA76B} = {760FD3F0-A730-43F2-9761-B43D8C74E5EE}
		{F2D16EBC-DD1A-4215-A2BB-5D80113AF3E5} = {760FD3F0-A730-43F2-9761-B43D8C74E5EE}
		{BCCF221A-13C8-4C16-9AD4-0B89247B1F0B} = {05E1327E-3904-4CFF-8692-F0EFEEB4FD3B}
		{4C19E8F6-37C8-4434-B6B9-CAF426D23F39} = {05E1327E-3904-4CFF-8692-F0EFEEB4FD3B}
		{308B216D-0F06-461A-B0C4-5471A98A9A0A} = {05E1327E-3904-4CFF-8692-F0EFEEB4FD3B}
		{436F0C34-511B-45AF-9C20-78CCDCE75C1E} = {05E1327E-3904-4CFF-8692-F0EFEEB4FD3B}
		{ABB61214-DC9E-40E5-8E35-FEBD021AF12B} = {05E1327E-3904-4CFF-8692-F0EFEEB4FD3B}
		{BD4A47EF-1073-4340-BAE6-FFFB0030F8A2} = {05E1327E-3904-4CFF-8692-F0EFEEB4FD3B}
		{CDB4455F-AC91-4D9B-91E8-C0ADA881FC47} = {ABB61214-DC9E-40E5-8E35-FEBD021AF12B}
		{36B509C7-4B25-45E0-B327-B72D5599D46A} = {BD4A47EF-1073-4340-BAE6-FFFB0030F8A2}
		{76AFE76C-521C-4159-9622-2E0410D303AC} = {BD4A47EF-1073-4340-BAE6-FFFB0030F8A2}
		{A5E65292-1A0E-4EFD-B545-50E47E94A052} = {05E1327E-3904-4CFF-8692-F0EFEEB4FD3B}
		{E0AAC38E-CEF5-426A-A23D-33DD1CF613C2} = {A5E65292-1A0E-4EFD-B545-50E47E94A052}
		{929898C7-5095-4564-98A2-BA392DB8194A} = {A5E65292-1A0E-4EFD-B545-50E47E94A052}
		{A9AD6D42-CCCA-4B58-A26D-E4D9CE58F91B} = {929898C7-5095-4564-98A2-BA392DB8194A}
		{4B92E3A1-E8B0-4A5B-88C7-B63A2B3B1A21} = {929898C7-5095-4564-98A2-BA392DB8194A}
		{DB08B9F0-ACCB-4D0F-AD14-BFA470135579} = {C4E97740-2CF7-4EF8-BFB7-80D974B811F3}
		{64DE92E8-76D5-4D50-AE32-8BB3096D032A} = {C4E97740-2CF7-4EF8-BFB7-80D974B811F3}
		{350EA8EB-65F3-49F0-BD3A-76830C029CF6} = {C4E97740-2CF7-4EF8-BFB7-80D974B811F3}
		{BBE410E2-E5AF-4BE1-A4BB-E181638D6D17} = {E2358549-132B-4396-A0C2-80FE7D6B1335}
		{AABE06E1-B012-400C-A263-33A6A0DC51F9} = {E2358549-132B-4396-A0C2-80FE7D6B1335}
		{A0B1850C-792D-46DF-998F-CA4F013A8B7A} = {8FBD1130-BF7E-4B67-9B0D-FC7DC368554F}
		{49B0B441-A5CB-4AE0-B544-2B94EAD2508A} = {5DA9F7C4-F005-42E7-BA2D-C70C597B4070}
		{C4B5C6D8-AA32-4830-8E96-B4173362962A} = {6F3904F2-BF30-44E0-ABCD-5988F15057F4}
		{217EA7F9-D162-4450-A5B2-72572C93628E} = {5DA9F7C4-F005-42E7-BA2D-C70C597B4070}
		{5ACDFD0C-D3F7-49C0-A456-AC97A6EF36AF} = {5DA9F7C4-F005-42E7-BA2D-C70C597B4070}
		{8B7D19BB-06FF-4CE6-A956-01AD790FD4F0} = {089C8668-2263-405E-B69F-7605EC5DF2DF}
		{9D5D853B-E593-4EAF-B631-7E631AE857E6} = {089C8668-2263-405E-B69F-7605EC5DF2DF}
		{13591D33-2B9E-4E9E-8D47-B0513C3CC154} = {1EF09D2F-1921-4030-B06C-42F3E8CEF2B8}
		{BCD49E5C-F5D9-4DB1-A524-CBD2AE2063BD} = {5DA9F7C4-F005-42E7-BA2D-C70C597B4070}
		{6E5CDEB5-8492-4DF0-9B57-9BC2CF48A3A0} = {313166F2-AF85-4109-8583-D38E71E00EF2}
		{BED19514-DA61-4B76-B576-A967838142A4} = {62A0F338-7C79-4C83-B9E1-21E17B9ACD31}
		{17AF787A-FB1B-4847-AB76-EBE757ECB197} = {62A0F338-7C79-4C83-B9E1-21E17B9ACD31}
		{87B6E74C-E661-4160-BA33-671AD880ABDE} = {7F3B7716-FED0-443E-A61C-9A7986D2A10F}
		{8910FC2E-020F-4604-BBEB-DF58F730B868} = {5DA9F7C4-F005-42E7-BA2D-C70C597B4070}
		{91F916C3-C9D4-46CE-8892-BED064D12E85} = {A6EF0FB5-8D9F-484A-B384-D986DA81EEA6}
		{FF91A8C8-1816-470A-881D-71DB1831A7BC} = {5DA9F7C4-F005-42E7-BA2D-C70C597B4070}
		{FFDC5219-78B2-4459-8BBA-EB779A79E425} = {81C53DD5-D91F-4DE4-A060-75352DA866D6}
	EndGlobalSection
	GlobalSection(ExtensibilityGlobals) = postSolution
		SolutionGuid = {CA3778FA-4A74-44F6-B1E1-7225A13D29FA}
	EndGlobalSection
EndGlobal
